# This file is automatically @generated by Cargo.
# It is not intended for manual editing.
version = 3

[[package]]
name = "renovate-bot-reproduction-recursive-submodules"
version = "0.1.0"
dependencies = [
 "renovate-bot-reproduction-recursive-submodules-sub2",
]

[[package]]
name = "renovate-bot-reproduction-recursive-submodules-sub2"
version = "0.1.0"
